// !$*UTF8*$!
{
	archiveVersion = 1;
	classes = {
	};
	objectVersion = 46;
	objects = {

/* Begin PBXBuildFile section */
		561FA2A119A9E4FF000CE4DF /* rain-256.png in Resources */ = {isa = PBXBuildFile; fileRef = 561FA29F19A9E4FF000CE4DF /* rain-256.png */; };
		561FA2A219A9E4FF000CE4DF /* wet-256.png in Resources */ = {isa = PBXBuildFile; fileRef = 561FA2A019A9E4FF000CE4DF /* wet-256.png */; };
		561FA2A419AA1524000CE4DF /* rain.png in Resources */ = {isa = PBXBuildFile; fileRef = 561FA2A319AA1524000CE4DF /* rain.png */; };
		561FA2A619AA1E4D000CE4DF /* termometer.png in Resources */ = {isa = PBXBuildFile; fileRef = 561FA2A519AA1E4D000CE4DF /* termometer.png */; };
		561FA2A819AA3409000CE4DF /* raindrops1.png in Resources */ = {isa = PBXBuildFile; fileRef = 561FA2A719AA3409000CE4DF /* raindrops1.png */; };
		561FA2AA19AA3556000CE4DF /* umbrella11.png in Resources */ = {isa = PBXBuildFile; fileRef = 561FA2A919AA3556000CE4DF /* umbrella11.png */; };
		561FA2B019AA372A000CE4DF /* rain2.png in Resources */ = {isa = PBXBuildFile; fileRef = 561FA2AB19AA372A000CE4DF /* rain2.png */; };
		561FA2B119AA372A000CE4DF /* rain14.png in Resources */ = {isa = PBXBuildFile; fileRef = 561FA2AC19AA372A000CE4DF /* rain14.png */; };
		561FA2B219AA372A000CE4DF /* pressure.png in Resources */ = {isa = PBXBuildFile; fileRef = 561FA2AD19AA372A000CE4DF /* pressure.png */; };
		561FA2B319AA372A000CE4DF /* wind28.png in Resources */ = {isa = PBXBuildFile; fileRef = 561FA2AE19AA372A000CE4DF /* wind28.png */; };
		561FA2B419AA372A000CE4DF /* windy4.png in Resources */ = {isa = PBXBuildFile; fileRef = 561FA2AF19AA372A000CE4DF /* windy4.png */; };
		561FA2B619AA3BE7000CE4DF /* address8.png in Resources */ = {isa = PBXBuildFile; fileRef = 561FA2B519AA3BE7000CE4DF /* address8.png */; };
		561FA2B819AC8FD9000CE4DF /* wind_turbine-512.png in Resources */ = {isa = PBXBuildFile; fileRef = 561FA2B719AC8FD9000CE4DF /* wind_turbine-512.png */; };
		561FA2BA19AC9379000CE4DF /* pressure-512.png in Resources */ = {isa = PBXBuildFile; fileRef = 561FA2B919AC9379000CE4DF /* pressure-512.png */; };
		561FA2BC19AC9426000CE4DF /* umbrella-512.png in Resources */ = {isa = PBXBuildFile; fileRef = 561FA2BB19AC9426000CE4DF /* umbrella-512.png */; };
		561FA2BE19AC9489000CE4DF /* water-512.png in Resources */ = {isa = PBXBuildFile; fileRef = 561FA2BD19AC9489000CE4DF /* water-512.png */; };
		5636AC431997FD0A00723F3D /* CreditsViewController.m in Sources */ = {isa = PBXBuildFile; fileRef = 5636AC421997FD0A00723F3D /* CreditsViewController.m */; };
		5673F4BE199772FA0081AC88 /* SCTabBarController.m in Sources */ = {isa = PBXBuildFile; fileRef = 5673F4BD199772FA0081AC88 /* SCTabBarController.m */; };
		568CE2AB19A28E7800E6C8FD /* logo.png in Resources */ = {isa = PBXBuildFile; fileRef = 568CE2AA19A28E7800E6C8FD /* logo.png */; };
		56921FE219A2C05500F4DC34 /* SCStationView.m in Sources */ = {isa = PBXBuildFile; fileRef = 56921FE119A2C05500F4DC34 /* SCStationView.m */; };
		56B15802198F86E0008F0170 /* Foundation.framework in Frameworks */ = {isa = PBXBuildFile; fileRef = 56B15801198F86E0008F0170 /* Foundation.framework */; };
		56B15804198F86E0008F0170 /* CoreGraphics.framework in Frameworks */ = {isa = PBXBuildFile; fileRef = 56B15803198F86E0008F0170 /* CoreGraphics.framework */; };
		56B15806198F86E0008F0170 /* UIKit.framework in Frameworks */ = {isa = PBXBuildFile; fileRef = 56B15805198F86E0008F0170 /* UIKit.framework */; };
		56B15808198F86E0008F0170 /* CoreData.framework in Frameworks */ = {isa = PBXBuildFile; fileRef = 56B15807198F86E0008F0170 /* CoreData.framework */; };
		56B1580E198F86E0008F0170 /* InfoPlist.strings in Resources */ = {isa = PBXBuildFile; fileRef = 56B1580C198F86E0008F0170 /* InfoPlist.strings */; };
		56B15810198F86E0008F0170 /* main.m in Sources */ = {isa = PBXBuildFile; fileRef = 56B1580F198F86E0008F0170 /* main.m */; };
		56B15814198F86E0008F0170 /* AppDelegate.m in Sources */ = {isa = PBXBuildFile; fileRef = 56B15813198F86E0008F0170 /* AppDelegate.m */; };
		56B15817198F86E0008F0170 /* SardegnaClima.xcdatamodeld in Sources */ = {isa = PBXBuildFile; fileRef = 56B15815198F86E0008F0170 /* SardegnaClima.xcdatamodeld */; };
		56B15819198F86E0008F0170 /* Images.xcassets in Resources */ = {isa = PBXBuildFile; fileRef = 56B15818198F86E0008F0170 /* Images.xcassets */; };
		56B15820198F86E1008F0170 /* XCTest.framework in Frameworks */ = {isa = PBXBuildFile; fileRef = 56B1581F198F86E1008F0170 /* XCTest.framework */; };
		56B15821198F86E1008F0170 /* Foundation.framework in Frameworks */ = {isa = PBXBuildFile; fileRef = 56B15801198F86E0008F0170 /* Foundation.framework */; };
		56B15822198F86E1008F0170 /* UIKit.framework in Frameworks */ = {isa = PBXBuildFile; fileRef = 56B15805198F86E0008F0170 /* UIKit.framework */; };
		56B15823198F86E1008F0170 /* CoreData.framework in Frameworks */ = {isa = PBXBuildFile; fileRef = 56B15807198F86E0008F0170 /* CoreData.framework */; };
		56B1582B198F86E1008F0170 /* InfoPlist.strings in Resources */ = {isa = PBXBuildFile; fileRef = 56B15829198F86E1008F0170 /* InfoPlist.strings */; };
		56B1582D198F86E1008F0170 /* SardegnaClimaTests.m in Sources */ = {isa = PBXBuildFile; fileRef = 56B1582C198F86E1008F0170 /* SardegnaClimaTests.m */; };
		56B1583D198F8789008F0170 /* MapViewController.m in Sources */ = {isa = PBXBuildFile; fileRef = 56B1583C198F8789008F0170 /* MapViewController.m */; };
		56B15840198F87D5008F0170 /* GoogleMaps.framework in Frameworks */ = {isa = PBXBuildFile; fileRef = 56B1583F198F87D5008F0170 /* GoogleMaps.framework */; };
		56B15842198F8957008F0170 /* AVFoundation.framework in Frameworks */ = {isa = PBXBuildFile; fileRef = 56B15841198F8957008F0170 /* AVFoundation.framework */; };
		56B15844198F8965008F0170 /* CoreLocation.framework in Frameworks */ = {isa = PBXBuildFile; fileRef = 56B15843198F8965008F0170 /* CoreLocation.framework */; };
		56B15846198F896D008F0170 /* CoreText.framework in Frameworks */ = {isa = PBXBuildFile; fileRef = 56B15845198F896D008F0170 /* CoreText.framework */; };
		56B15848198F8978008F0170 /* GLKit.framework in Frameworks */ = {isa = PBXBuildFile; fileRef = 56B15847198F8977008F0170 /* GLKit.framework */; };
		56B1584A198F8986008F0170 /* ImageIO.framework in Frameworks */ = {isa = PBXBuildFile; fileRef = 56B15849198F8986008F0170 /* ImageIO.framework */; };
		56B1584C198F8993008F0170 /* libc++.dylib in Frameworks */ = {isa = PBXBuildFile; fileRef = 56B1584B198F8993008F0170 /* libc++.dylib */; };
		56B1584E198F89A9008F0170 /* libicucore.dylib in Frameworks */ = {isa = PBXBuildFile; fileRef = 56B1584D198F89A9008F0170 /* libicucore.dylib */; };
		56B15850198F89B9008F0170 /* libz.dylib in Frameworks */ = {isa = PBXBuildFile; fileRef = 56B1584F198F89B9008F0170 /* libz.dylib */; };
		56B15852198F89C3008F0170 /* OpenGLES.framework in Frameworks */ = {isa = PBXBuildFile; fileRef = 56B15851198F89C3008F0170 /* OpenGLES.framework */; };
		56B15854198F89CD008F0170 /* QuartzCore.framework in Frameworks */ = {isa = PBXBuildFile; fileRef = 56B15853198F89CD008F0170 /* QuartzCore.framework */; };
		56B15856198F89D5008F0170 /* SystemConfiguration.framework in Frameworks */ = {isa = PBXBuildFile; fileRef = 56B15855198F89D5008F0170 /* SystemConfiguration.framework */; };
		56B15858198F8AF7008F0170 /* GoogleMaps.bundle in Resources */ = {isa = PBXBuildFile; fileRef = 56B15857198F8AF7008F0170 /* GoogleMaps.bundle */; };
		56B1585B198F8F8A008F0170 /* Utils.m in Sources */ = {isa = PBXBuildFile; fileRef = 56B1585A198F8F8A008F0170 /* Utils.m */; };
		56DEBA4119921AD900431AE1 /* map-25.png in Resources */ = {isa = PBXBuildFile; fileRef = 56DEBA4019921AD900431AE1 /* map-25.png */; };
		56DEBA4319921C7E00431AE1 /* partly_cloudy_day-25.png in Resources */ = {isa = PBXBuildFile; fileRef = 56DEBA4219921C7E00431AE1 /* partly_cloudy_day-25.png */; };
		56DEBA4519921E2100431AE1 /* info-25.png in Resources */ = {isa = PBXBuildFile; fileRef = 56DEBA4419921E2100431AE1 /* info-25.png */; };
		56DEBA4719921EEA00431AE1 /* share-25.png in Resources */ = {isa = PBXBuildFile; fileRef = 56DEBA4619921EEA00431AE1 /* share-25.png */; };
		56DEBA4A1992217C00431AE1 /* UINavigationControllerCategory.m in Sources */ = {isa = PBXBuildFile; fileRef = 56DEBA491992217C00431AE1 /* UINavigationControllerCategory.m */; };
		56DEBA4D1992889900431AE1 /* SardegnaClimaViewController.m in Sources */ = {isa = PBXBuildFile; fileRef = 56DEBA4C1992889900431AE1 /* SardegnaClimaViewController.m */; };
		56DEBA5019928BB700431AE1 /* SardegnaClimaView.m in Sources */ = {isa = PBXBuildFile; fileRef = 56DEBA4F19928BB700431AE1 /* SardegnaClimaView.m */; };
		56DF2EB9199E156E006CEA9B /* SCMarkerLabel.m in Sources */ = {isa = PBXBuildFile; fileRef = 56DF2EB8199E156E006CEA9B /* SCMarkerLabel.m */; };
		56DF2EBC199E1842006CEA9B /* SCMarker.m in Sources */ = {isa = PBXBuildFile; fileRef = 56DF2EBB199E1842006CEA9B /* SCMarker.m */; };
		56DF2EBF199F8325006CEA9B /* SCStationViewController.m in Sources */ = {isa = PBXBuildFile; fileRef = 56DF2EBE199F8325006CEA9B /* SCStationViewController.m */; };
		56FD45F9199BBEBD00C8EE4F /* SCApiManager.m in Sources */ = {isa = PBXBuildFile; fileRef = 56FD45F2199BBEBD00C8EE4F /* SCApiManager.m */; };
		56FD45FA199BBEBD00C8EE4F /* SCApiPendingRequest.m in Sources */ = {isa = PBXBuildFile; fileRef = 56FD45F4199BBEBD00C8EE4F /* SCApiPendingRequest.m */; };
		56FD45FC199BBEBD00C8EE4F /* SCURLConnection.m in Sources */ = {isa = PBXBuildFile; fileRef = 56FD45F8199BBEBD00C8EE4F /* SCURLConnection.m */; };
		56FD4610199BF12900C8EE4F /* SCEntityManager.m in Sources */ = {isa = PBXBuildFile; fileRef = 56FD4603199BF12900C8EE4F /* SCEntityManager.m */; };
		56FD4617199C239C00C8EE4F /* SCStation.m in Sources */ = {isa = PBXBuildFile; fileRef = 56FD4616199C239C00C8EE4F /* SCStation.m */; };
		56FD461A199C23BE00C8EE4F /* SCMeasure.m in Sources */ = {isa = PBXBuildFile; fileRef = 56FD4619199C23BE00C8EE4F /* SCMeasure.m */; };
		56FD4620199C9C7A00C8EE4F /* SCMapView.m in Sources */ = {isa = PBXBuildFile; fileRef = 56FD461F199C9C7A00C8EE4F /* SCMapView.m */; };
/* End PBXBuildFile section */

/* Begin PBXContainerItemProxy section */
		56B15824198F86E1008F0170 /* PBXContainerItemProxy */ = {
			isa = PBXContainerItemProxy;
			containerPortal = 56B157F6198F86E0008F0170 /* Project object */;
			proxyType = 1;
			remoteGlobalIDString = 56B157FD198F86E0008F0170;
			remoteInfo = SardegnaClima;
		};
/* End PBXContainerItemProxy section */

/* Begin PBXFileReference section */
		561FA29F19A9E4FF000CE4DF /* rain-256.png */ = {isa = PBXFileReference; lastKnownFileType = image.png; path = "rain-256.png"; sourceTree = "<group>"; };
		561FA2A019A9E4FF000CE4DF /* wet-256.png */ = {isa = PBXFileReference; lastKnownFileType = image.png; path = "wet-256.png"; sourceTree = "<group>"; };
		561FA2A319AA1524000CE4DF /* rain.png */ = {isa = PBXFileReference; lastKnownFileType = image.png; path = rain.png; sourceTree = "<group>"; };
		561FA2A519AA1E4D000CE4DF /* termometer.png */ = {isa = PBXFileReference; lastKnownFileType = image.png; path = termometer.png; sourceTree = "<group>"; };
		561FA2A719AA3409000CE4DF /* raindrops1.png */ = {isa = PBXFileReference; lastKnownFileType = image.png; path = raindrops1.png; sourceTree = "<group>"; };
		561FA2A919AA3556000CE4DF /* umbrella11.png */ = {isa = PBXFileReference; lastKnownFileType = image.png; path = umbrella11.png; sourceTree = "<group>"; };
		561FA2AB19AA372A000CE4DF /* rain2.png */ = {isa = PBXFileReference; lastKnownFileType = image.png; path = rain2.png; sourceTree = "<group>"; };
		561FA2AC19AA372A000CE4DF /* rain14.png */ = {isa = PBXFileReference; lastKnownFileType = image.png; path = rain14.png; sourceTree = "<group>"; };
		561FA2AD19AA372A000CE4DF /* pressure.png */ = {isa = PBXFileReference; lastKnownFileType = image.png; path = pressure.png; sourceTree = "<group>"; };
		561FA2AE19AA372A000CE4DF /* wind28.png */ = {isa = PBXFileReference; lastKnownFileType = image.png; path = wind28.png; sourceTree = "<group>"; };
		561FA2AF19AA372A000CE4DF /* windy4.png */ = {isa = PBXFileReference; lastKnownFileType = image.png; path = windy4.png; sourceTree = "<group>"; };
		561FA2B519AA3BE7000CE4DF /* address8.png */ = {isa = PBXFileReference; lastKnownFileType = image.png; path = address8.png; sourceTree = "<group>"; };
		561FA2B719AC8FD9000CE4DF /* wind_turbine-512.png */ = {isa = PBXFileReference; lastKnownFileType = image.png; path = "wind_turbine-512.png"; sourceTree = "<group>"; };
		561FA2B919AC9379000CE4DF /* pressure-512.png */ = {isa = PBXFileReference; lastKnownFileType = image.png; path = "pressure-512.png"; sourceTree = "<group>"; };
		561FA2BB19AC9426000CE4DF /* umbrella-512.png */ = {isa = PBXFileReference; lastKnownFileType = image.png; path = "umbrella-512.png"; sourceTree = "<group>"; };
		561FA2BD19AC9489000CE4DF /* water-512.png */ = {isa = PBXFileReference; lastKnownFileType = image.png; path = "water-512.png"; sourceTree = "<group>"; };
		5636AC411997FD0A00723F3D /* CreditsViewController.h */ = {isa = PBXFileReference; fileEncoding = 4; lastKnownFileType = sourcecode.c.h; path = CreditsViewController.h; sourceTree = "<group>"; };
		5636AC421997FD0A00723F3D /* CreditsViewController.m */ = {isa = PBXFileReference; fileEncoding = 4; lastKnownFileType = sourcecode.c.objc; path = CreditsViewController.m; sourceTree = "<group>"; };
		5673F4BC199772FA0081AC88 /* SCTabBarController.h */ = {isa = PBXFileReference; fileEncoding = 4; lastKnownFileType = sourcecode.c.h; path = SCTabBarController.h; sourceTree = "<group>"; };
		5673F4BD199772FA0081AC88 /* SCTabBarController.m */ = {isa = PBXFileReference; fileEncoding = 4; lastKnownFileType = sourcecode.c.objc; path = SCTabBarController.m; sourceTree = "<group>"; };
		568CE2AA19A28E7800E6C8FD /* logo.png */ = {isa = PBXFileReference; lastKnownFileType = image.png; path = logo.png; sourceTree = "<group>"; };
		56921FE019A2C05500F4DC34 /* SCStationView.h */ = {isa = PBXFileReference; fileEncoding = 4; lastKnownFileType = sourcecode.c.h; path = SCStationView.h; sourceTree = "<group>"; };
		56921FE119A2C05500F4DC34 /* SCStationView.m */ = {isa = PBXFileReference; fileEncoding = 4; lastKnownFileType = sourcecode.c.objc; path = SCStationView.m; sourceTree = "<group>"; };
		56B157FE198F86E0008F0170 /* SardegnaClima.app */ = {isa = PBXFileReference; explicitFileType = wrapper.application; includeInIndex = 0; path = SardegnaClima.app; sourceTree = BUILT_PRODUCTS_DIR; };
		56B15801198F86E0008F0170 /* Foundation.framework */ = {isa = PBXFileReference; lastKnownFileType = wrapper.framework; name = Foundation.framework; path = System/Library/Frameworks/Foundation.framework; sourceTree = SDKROOT; };
		56B15803198F86E0008F0170 /* CoreGraphics.framework */ = {isa = PBXFileReference; lastKnownFileType = wrapper.framework; name = CoreGraphics.framework; path = System/Library/Frameworks/CoreGraphics.framework; sourceTree = SDKROOT; };
		56B15805198F86E0008F0170 /* UIKit.framework */ = {isa = PBXFileReference; lastKnownFileType = wrapper.framework; name = UIKit.framework; path = System/Library/Frameworks/UIKit.framework; sourceTree = SDKROOT; };
		56B15807198F86E0008F0170 /* CoreData.framework */ = {isa = PBXFileReference; lastKnownFileType = wrapper.framework; name = CoreData.framework; path = System/Library/Frameworks/CoreData.framework; sourceTree = SDKROOT; };
		56B1580B198F86E0008F0170 /* SardegnaClima-Info.plist */ = {isa = PBXFileReference; lastKnownFileType = text.plist.xml; path = "SardegnaClima-Info.plist"; sourceTree = "<group>"; };
		56B1580D198F86E0008F0170 /* en */ = {isa = PBXFileReference; lastKnownFileType = text.plist.strings; name = en; path = en.lproj/InfoPlist.strings; sourceTree = "<group>"; };
		56B1580F198F86E0008F0170 /* main.m */ = {isa = PBXFileReference; lastKnownFileType = sourcecode.c.objc; path = main.m; sourceTree = "<group>"; };
		56B15811198F86E0008F0170 /* SardegnaClima-Prefix.pch */ = {isa = PBXFileReference; lastKnownFileType = sourcecode.c.h; path = "SardegnaClima-Prefix.pch"; sourceTree = "<group>"; };
		56B15812198F86E0008F0170 /* AppDelegate.h */ = {isa = PBXFileReference; lastKnownFileType = sourcecode.c.h; path = AppDelegate.h; sourceTree = "<group>"; };
		56B15813198F86E0008F0170 /* AppDelegate.m */ = {isa = PBXFileReference; lastKnownFileType = sourcecode.c.objc; path = AppDelegate.m; sourceTree = "<group>"; };
		56B15816198F86E0008F0170 /* SardegnaClima.xcdatamodel */ = {isa = PBXFileReference; lastKnownFileType = wrapper.xcdatamodel; path = SardegnaClima.xcdatamodel; sourceTree = "<group>"; };
		56B15818198F86E0008F0170 /* Images.xcassets */ = {isa = PBXFileReference; lastKnownFileType = folder.assetcatalog; path = Images.xcassets; sourceTree = "<group>"; };
		56B1581E198F86E1008F0170 /* SardegnaClimaTests.xctest */ = {isa = PBXFileReference; explicitFileType = wrapper.cfbundle; includeInIndex = 0; path = SardegnaClimaTests.xctest; sourceTree = BUILT_PRODUCTS_DIR; };
		56B1581F198F86E1008F0170 /* XCTest.framework */ = {isa = PBXFileReference; lastKnownFileType = wrapper.framework; name = XCTest.framework; path = Library/Frameworks/XCTest.framework; sourceTree = DEVELOPER_DIR; };
		56B15828198F86E1008F0170 /* SardegnaClimaTests-Info.plist */ = {isa = PBXFileReference; lastKnownFileType = text.plist.xml; path = "SardegnaClimaTests-Info.plist"; sourceTree = "<group>"; };
		56B1582A198F86E1008F0170 /* en */ = {isa = PBXFileReference; lastKnownFileType = text.plist.strings; name = en; path = en.lproj/InfoPlist.strings; sourceTree = "<group>"; };
		56B1582C198F86E1008F0170 /* SardegnaClimaTests.m */ = {isa = PBXFileReference; lastKnownFileType = sourcecode.c.objc; path = SardegnaClimaTests.m; sourceTree = "<group>"; };
		56B1583B198F8789008F0170 /* MapViewController.h */ = {isa = PBXFileReference; fileEncoding = 4; lastKnownFileType = sourcecode.c.h; path = MapViewController.h; sourceTree = "<group>"; };
		56B1583C198F8789008F0170 /* MapViewController.m */ = {isa = PBXFileReference; fileEncoding = 4; lastKnownFileType = sourcecode.c.objc; path = MapViewController.m; sourceTree = "<group>"; };
		56B1583E198F87AE008F0170 /* SCAPIKey.h */ = {isa = PBXFileReference; fileEncoding = 4; lastKnownFileType = sourcecode.c.h; path = SCAPIKey.h; sourceTree = "<group>"; };
		56B1583F198F87D5008F0170 /* GoogleMaps.framework */ = {isa = PBXFileReference; lastKnownFileType = wrapper.framework; path = GoogleMaps.framework; sourceTree = "<group>"; };
		56B15841198F8957008F0170 /* AVFoundation.framework */ = {isa = PBXFileReference; lastKnownFileType = wrapper.framework; name = AVFoundation.framework; path = System/Library/Frameworks/AVFoundation.framework; sourceTree = SDKROOT; };
		56B15843198F8965008F0170 /* CoreLocation.framework */ = {isa = PBXFileReference; lastKnownFileType = wrapper.framework; name = CoreLocation.framework; path = System/Library/Frameworks/CoreLocation.framework; sourceTree = SDKROOT; };
		56B15845198F896D008F0170 /* CoreText.framework */ = {isa = PBXFileReference; lastKnownFileType = wrapper.framework; name = CoreText.framework; path = System/Library/Frameworks/CoreText.framework; sourceTree = SDKROOT; };
		56B15847198F8977008F0170 /* GLKit.framework */ = {isa = PBXFileReference; lastKnownFileType = wrapper.framework; name = GLKit.framework; path = System/Library/Frameworks/GLKit.framework; sourceTree = SDKROOT; };
		56B15849198F8986008F0170 /* ImageIO.framework */ = {isa = PBXFileReference; lastKnownFileType = wrapper.framework; name = ImageIO.framework; path = System/Library/Frameworks/ImageIO.framework; sourceTree = SDKROOT; };
		56B1584B198F8993008F0170 /* libc++.dylib */ = {isa = PBXFileReference; lastKnownFileType = "compiled.mach-o.dylib"; name = "libc++.dylib"; path = "usr/lib/libc++.dylib"; sourceTree = SDKROOT; };
		56B1584D198F89A9008F0170 /* libicucore.dylib */ = {isa = PBXFileReference; lastKnownFileType = "compiled.mach-o.dylib"; name = libicucore.dylib; path = usr/lib/libicucore.dylib; sourceTree = SDKROOT; };
		56B1584F198F89B9008F0170 /* libz.dylib */ = {isa = PBXFileReference; lastKnownFileType = "compiled.mach-o.dylib"; name = libz.dylib; path = usr/lib/libz.dylib; sourceTree = SDKROOT; };
		56B15851198F89C3008F0170 /* OpenGLES.framework */ = {isa = PBXFileReference; lastKnownFileType = wrapper.framework; name = OpenGLES.framework; path = System/Library/Frameworks/OpenGLES.framework; sourceTree = SDKROOT; };
		56B15853198F89CD008F0170 /* QuartzCore.framework */ = {isa = PBXFileReference; lastKnownFileType = wrapper.framework; name = QuartzCore.framework; path = System/Library/Frameworks/QuartzCore.framework; sourceTree = SDKROOT; };
		56B15855198F89D5008F0170 /* SystemConfiguration.framework */ = {isa = PBXFileReference; lastKnownFileType = wrapper.framework; name = SystemConfiguration.framework; path = System/Library/Frameworks/SystemConfiguration.framework; sourceTree = SDKROOT; };
		56B15857198F8AF7008F0170 /* GoogleMaps.bundle */ = {isa = PBXFileReference; lastKnownFileType = "wrapper.plug-in"; name = GoogleMaps.bundle; path = GoogleMaps.framework/Versions/A/Resources/GoogleMaps.bundle; sourceTree = "<group>"; };
		56B15859198F8F8A008F0170 /* Utils.h */ = {isa = PBXFileReference; fileEncoding = 4; lastKnownFileType = sourcecode.c.h; path = Utils.h; sourceTree = "<group>"; };
		56B1585A198F8F8A008F0170 /* Utils.m */ = {isa = PBXFileReference; fileEncoding = 4; lastKnownFileType = sourcecode.c.objc; path = Utils.m; sourceTree = "<group>"; };
		56DEBA4019921AD900431AE1 /* map-25.png */ = {isa = PBXFileReference; lastKnownFileType = image.png; path = "map-25.png"; sourceTree = "<group>"; };
		56DEBA4219921C7E00431AE1 /* partly_cloudy_day-25.png */ = {isa = PBXFileReference; lastKnownFileType = image.png; path = "partly_cloudy_day-25.png"; sourceTree = "<group>"; };
		56DEBA4419921E2100431AE1 /* info-25.png */ = {isa = PBXFileReference; lastKnownFileType = image.png; path = "info-25.png"; sourceTree = "<group>"; };
		56DEBA4619921EEA00431AE1 /* share-25.png */ = {isa = PBXFileReference; lastKnownFileType = image.png; path = "share-25.png"; sourceTree = "<group>"; };
		56DEBA481992217C00431AE1 /* UINavigationControllerCategory.h */ = {isa = PBXFileReference; fileEncoding = 4; lastKnownFileType = sourcecode.c.h; path = UINavigationControllerCategory.h; sourceTree = "<group>"; };
		56DEBA491992217C00431AE1 /* UINavigationControllerCategory.m */ = {isa = PBXFileReference; fileEncoding = 4; lastKnownFileType = sourcecode.c.objc; path = UINavigationControllerCategory.m; sourceTree = "<group>"; };
		56DEBA4B1992889900431AE1 /* SardegnaClimaViewController.h */ = {isa = PBXFileReference; fileEncoding = 4; lastKnownFileType = sourcecode.c.h; path = SardegnaClimaViewController.h; sourceTree = "<group>"; };
		56DEBA4C1992889900431AE1 /* SardegnaClimaViewController.m */ = {isa = PBXFileReference; fileEncoding = 4; lastKnownFileType = sourcecode.c.objc; path = SardegnaClimaViewController.m; sourceTree = "<group>"; };
		56DEBA4E19928BB700431AE1 /* SardegnaClimaView.h */ = {isa = PBXFileReference; fileEncoding = 4; lastKnownFileType = sourcecode.c.h; path = SardegnaClimaView.h; sourceTree = "<group>"; };
		56DEBA4F19928BB700431AE1 /* SardegnaClimaView.m */ = {isa = PBXFileReference; fileEncoding = 4; lastKnownFileType = sourcecode.c.objc; path = SardegnaClimaView.m; sourceTree = "<group>"; };
		56DF2EB7199E156E006CEA9B /* SCMarkerLabel.h */ = {isa = PBXFileReference; fileEncoding = 4; lastKnownFileType = sourcecode.c.h; path = SCMarkerLabel.h; sourceTree = "<group>"; };
		56DF2EB8199E156E006CEA9B /* SCMarkerLabel.m */ = {isa = PBXFileReference; fileEncoding = 4; lastKnownFileType = sourcecode.c.objc; path = SCMarkerLabel.m; sourceTree = "<group>"; };
		56DF2EBA199E1842006CEA9B /* SCMarker.h */ = {isa = PBXFileReference; fileEncoding = 4; lastKnownFileType = sourcecode.c.h; path = SCMarker.h; sourceTree = "<group>"; };
		56DF2EBB199E1842006CEA9B /* SCMarker.m */ = {isa = PBXFileReference; fileEncoding = 4; lastKnownFileType = sourcecode.c.objc; path = SCMarker.m; sourceTree = "<group>"; };
		56DF2EBD199F8325006CEA9B /* SCStationViewController.h */ = {isa = PBXFileReference; fileEncoding = 4; lastKnownFileType = sourcecode.c.h; path = SCStationViewController.h; sourceTree = "<group>"; };
		56DF2EBE199F8325006CEA9B /* SCStationViewController.m */ = {isa = PBXFileReference; fileEncoding = 4; lastKnownFileType = sourcecode.c.objc; path = SCStationViewController.m; sourceTree = "<group>"; };
		56FD45F0199BBEBD00C8EE4F /* SCApiActions.h */ = {isa = PBXFileReference; fileEncoding = 4; lastKnownFileType = sourcecode.c.h; path = SCApiActions.h; sourceTree = "<group>"; };
		56FD45F1199BBEBD00C8EE4F /* SCApiManager.h */ = {isa = PBXFileReference; fileEncoding = 4; lastKnownFileType = sourcecode.c.h; path = SCApiManager.h; sourceTree = "<group>"; };
		56FD45F2199BBEBD00C8EE4F /* SCApiManager.m */ = {isa = PBXFileReference; fileEncoding = 4; lastKnownFileType = sourcecode.c.objc; path = SCApiManager.m; sourceTree = "<group>"; };
		56FD45F3199BBEBD00C8EE4F /* SCApiPendingRequest.h */ = {isa = PBXFileReference; fileEncoding = 4; lastKnownFileType = sourcecode.c.h; path = SCApiPendingRequest.h; sourceTree = "<group>"; };
		56FD45F4199BBEBD00C8EE4F /* SCApiPendingRequest.m */ = {isa = PBXFileReference; fileEncoding = 4; lastKnownFileType = sourcecode.c.objc; path = SCApiPendingRequest.m; sourceTree = "<group>"; };
		56FD45F7199BBEBD00C8EE4F /* SCURLConnection.h */ = {isa = PBXFileReference; fileEncoding = 4; lastKnownFileType = sourcecode.c.h; path = SCURLConnection.h; sourceTree = "<group>"; };
		56FD45F8199BBEBD00C8EE4F /* SCURLConnection.m */ = {isa = PBXFileReference; fileEncoding = 4; lastKnownFileType = sourcecode.c.objc; path = SCURLConnection.m; sourceTree = "<group>"; };
		56FD4602199BF12900C8EE4F /* SCEntityManager.h */ = {isa = PBXFileReference; fileEncoding = 4; lastKnownFileType = sourcecode.c.h; path = SCEntityManager.h; sourceTree = "<group>"; };
		56FD4603199BF12900C8EE4F /* SCEntityManager.m */ = {isa = PBXFileReference; fileEncoding = 4; lastKnownFileType = sourcecode.c.objc; path = SCEntityManager.m; sourceTree = "<group>"; };
		56FD4615199C239C00C8EE4F /* SCStation.h */ = {isa = PBXFileReference; fileEncoding = 4; lastKnownFileType = sourcecode.c.h; path = SCStation.h; sourceTree = "<group>"; };
		56FD4616199C239C00C8EE4F /* SCStation.m */ = {isa = PBXFileReference; fileEncoding = 4; lastKnownFileType = sourcecode.c.objc; path = SCStation.m; sourceTree = "<group>"; };
		56FD4618199C23BE00C8EE4F /* SCMeasure.h */ = {isa = PBXFileReference; fileEncoding = 4; lastKnownFileType = sourcecode.c.h; path = SCMeasure.h; sourceTree = "<group>"; };
		56FD4619199C23BE00C8EE4F /* SCMeasure.m */ = {isa = PBXFileReference; fileEncoding = 4; lastKnownFileType = sourcecode.c.objc; path = SCMeasure.m; sourceTree = "<group>"; };
		56FD461E199C9C7A00C8EE4F /* SCMapView.h */ = {isa = PBXFileReference; fileEncoding = 4; lastKnownFileType = sourcecode.c.h; path = SCMapView.h; sourceTree = "<group>"; };
		56FD461F199C9C7A00C8EE4F /* SCMapView.m */ = {isa = PBXFileReference; fileEncoding = 4; lastKnownFileType = sourcecode.c.objc; path = SCMapView.m; sourceTree = "<group>"; };
/* End PBXFileReference section */

/* Begin PBXFrameworksBuildPhase section */
		56B157FB198F86E0008F0170 /* Frameworks */ = {
			isa = PBXFrameworksBuildPhase;
			buildActionMask = 2147483647;
			files = (
				56B15856198F89D5008F0170 /* SystemConfiguration.framework in Frameworks */,
				56B15854198F89CD008F0170 /* QuartzCore.framework in Frameworks */,
				56B15852198F89C3008F0170 /* OpenGLES.framework in Frameworks */,
				56B15850198F89B9008F0170 /* libz.dylib in Frameworks */,
				56B1584E198F89A9008F0170 /* libicucore.dylib in Frameworks */,
				56B1584C198F8993008F0170 /* libc++.dylib in Frameworks */,
				56B1584A198F8986008F0170 /* ImageIO.framework in Frameworks */,
				56B15848198F8978008F0170 /* GLKit.framework in Frameworks */,
				56B15846198F896D008F0170 /* CoreText.framework in Frameworks */,
				56B15844198F8965008F0170 /* CoreLocation.framework in Frameworks */,
				56B15842198F8957008F0170 /* AVFoundation.framework in Frameworks */,
				56B15804198F86E0008F0170 /* CoreGraphics.framework in Frameworks */,
				56B15808198F86E0008F0170 /* CoreData.framework in Frameworks */,
				56B15806198F86E0008F0170 /* UIKit.framework in Frameworks */,
				56B15840198F87D5008F0170 /* GoogleMaps.framework in Frameworks */,
				56B15802198F86E0008F0170 /* Foundation.framework in Frameworks */,
			);
			runOnlyForDeploymentPostprocessing = 0;
		};
		56B1581B198F86E1008F0170 /* Frameworks */ = {
			isa = PBXFrameworksBuildPhase;
			buildActionMask = 2147483647;
			files = (
				56B15820198F86E1008F0170 /* XCTest.framework in Frameworks */,
				56B15823198F86E1008F0170 /* CoreData.framework in Frameworks */,
				56B15822198F86E1008F0170 /* UIKit.framework in Frameworks */,
				56B15821198F86E1008F0170 /* Foundation.framework in Frameworks */,
			);
			runOnlyForDeploymentPostprocessing = 0;
		};
/* End PBXFrameworksBuildPhase section */

/* Begin PBXGroup section */
		56B157F5198F86E0008F0170 = {
			isa = PBXGroup;
			children = (
				56B15809198F86E0008F0170 /* SardegnaClima */,
				56B15826198F86E1008F0170 /* SardegnaClimaTests */,
				56B15800198F86E0008F0170 /* Frameworks */,
				56B157FF198F86E0008F0170 /* Products */,
			);
			sourceTree = "<group>";
		};
		56B157FF198F86E0008F0170 /* Products */ = {
			isa = PBXGroup;
			children = (
				56B157FE198F86E0008F0170 /* SardegnaClima.app */,
				56B1581E198F86E1008F0170 /* SardegnaClimaTests.xctest */,
			);
			name = Products;
			sourceTree = "<group>";
		};
		56B15800198F86E0008F0170 /* Frameworks */ = {
			isa = PBXGroup;
			children = (
				56B15855198F89D5008F0170 /* SystemConfiguration.framework */,
				56B15853198F89CD008F0170 /* QuartzCore.framework */,
				56B15851198F89C3008F0170 /* OpenGLES.framework */,
				56B1584F198F89B9008F0170 /* libz.dylib */,
				56B1584D198F89A9008F0170 /* libicucore.dylib */,
				56B1584B198F8993008F0170 /* libc++.dylib */,
				56B15849198F8986008F0170 /* ImageIO.framework */,
				56B15847198F8977008F0170 /* GLKit.framework */,
				56B15845198F896D008F0170 /* CoreText.framework */,
				56B15843198F8965008F0170 /* CoreLocation.framework */,
				56B15841198F8957008F0170 /* AVFoundation.framework */,
				56B15801198F86E0008F0170 /* Foundation.framework */,
				56B15803198F86E0008F0170 /* CoreGraphics.framework */,
				56B15805198F86E0008F0170 /* UIKit.framework */,
				56B15807198F86E0008F0170 /* CoreData.framework */,
				56B1581F198F86E1008F0170 /* XCTest.framework */,
			);
			name = Frameworks;
			sourceTree = "<group>";
		};
		56B15809198F86E0008F0170 /* SardegnaClima */ = {
			isa = PBXGroup;
			children = (
				56FD45FD199BF10400C8EE4F /* EntityManager */,
				56DEBA481992217C00431AE1 /* UINavigationControllerCategory.h */,
				56DEBA491992217C00431AE1 /* UINavigationControllerCategory.m */,
				56B1585C198F9EE4008F0170 /* Resources */,
				56B15857198F8AF7008F0170 /* GoogleMaps.bundle */,
				56B1583F198F87D5008F0170 /* GoogleMaps.framework */,
				56B1583E198F87AE008F0170 /* SCAPIKey.h */,
				56FD45EF199BBEBD00C8EE4F /* SCApiManager */,
				56B1583A198F8789008F0170 /* Client */,
				56B15812198F86E0008F0170 /* AppDelegate.h */,
				56B15813198F86E0008F0170 /* AppDelegate.m */,
				56B15818198F86E0008F0170 /* Images.xcassets */,
				56B15815198F86E0008F0170 /* SardegnaClima.xcdatamodeld */,
				56B1580A198F86E0008F0170 /* Supporting Files */,
				56B15859198F8F8A008F0170 /* Utils.h */,
				56B1585A198F8F8A008F0170 /* Utils.m */,
				56FD4615199C239C00C8EE4F /* SCStation.h */,
				56FD4616199C239C00C8EE4F /* SCStation.m */,
				56FD4618199C23BE00C8EE4F /* SCMeasure.h */,
				56FD4619199C23BE00C8EE4F /* SCMeasure.m */,
				56FD461E199C9C7A00C8EE4F /* SCMapView.h */,
				56FD461F199C9C7A00C8EE4F /* SCMapView.m */,
				56DF2EB7199E156E006CEA9B /* SCMarkerLabel.h */,
				56DF2EB8199E156E006CEA9B /* SCMarkerLabel.m */,
				56DF2EBA199E1842006CEA9B /* SCMarker.h */,
				56DF2EBB199E1842006CEA9B /* SCMarker.m */,
			);
			path = SardegnaClima;
			sourceTree = "<group>";
		};
		56B1580A198F86E0008F0170 /* Supporting Files */ = {
			isa = PBXGroup;
			children = (
				56B1580B198F86E0008F0170 /* SardegnaClima-Info.plist */,
				56B1580C198F86E0008F0170 /* InfoPlist.strings */,
				56B1580F198F86E0008F0170 /* main.m */,
				56B15811198F86E0008F0170 /* SardegnaClima-Prefix.pch */,
			);
			name = "Supporting Files";
			sourceTree = "<group>";
		};
		56B15826198F86E1008F0170 /* SardegnaClimaTests */ = {
			isa = PBXGroup;
			children = (
				56B1582C198F86E1008F0170 /* SardegnaClimaTests.m */,
				56B15827198F86E1008F0170 /* Supporting Files */,
			);
			path = SardegnaClimaTests;
			sourceTree = "<group>";
		};
		56B15827198F86E1008F0170 /* Supporting Files */ = {
			isa = PBXGroup;
			children = (
				56B15828198F86E1008F0170 /* SardegnaClimaTests-Info.plist */,
				56B15829198F86E1008F0170 /* InfoPlist.strings */,
			);
			name = "Supporting Files";
			sourceTree = "<group>";
		};
		56B1583A198F8789008F0170 /* Client */ = {
			isa = PBXGroup;
			children = (
				56B1583B198F8789008F0170 /* MapViewController.h */,
				56B1583C198F8789008F0170 /* MapViewController.m */,
				56DEBA4B1992889900431AE1 /* SardegnaClimaViewController.h */,
				56DEBA4C1992889900431AE1 /* SardegnaClimaViewController.m */,
				56DEBA4E19928BB700431AE1 /* SardegnaClimaView.h */,
				56DEBA4F19928BB700431AE1 /* SardegnaClimaView.m */,
				5673F4BC199772FA0081AC88 /* SCTabBarController.h */,
				5673F4BD199772FA0081AC88 /* SCTabBarController.m */,
				5636AC411997FD0A00723F3D /* CreditsViewController.h */,
				5636AC421997FD0A00723F3D /* CreditsViewController.m */,
				56DF2EBD199F8325006CEA9B /* SCStationViewController.h */,
				56DF2EBE199F8325006CEA9B /* SCStationViewController.m */,
				56921FE019A2C05500F4DC34 /* SCStationView.h */,
				56921FE119A2C05500F4DC34 /* SCStationView.m */,
			);
			path = Client;
			sourceTree = "<group>";
		};
		56B1585C198F9EE4008F0170 /* Resources */ = {
			isa = PBXGroup;
			children = (
				561FA2BD19AC9489000CE4DF /* water-512.png */,
				561FA2BB19AC9426000CE4DF /* umbrella-512.png */,
				561FA2B919AC9379000CE4DF /* pressure-512.png */,
				561FA2B719AC8FD9000CE4DF /* wind_turbine-512.png */,
				561FA2B519AA3BE7000CE4DF /* address8.png */,
				561FA2AB19AA372A000CE4DF /* rain2.png */,
				561FA2AC19AA372A000CE4DF /* rain14.png */,
				561FA2AD19AA372A000CE4DF /* pressure.png */,
				561FA2AE19AA372A000CE4DF /* wind28.png */,
				561FA2AF19AA372A000CE4DF /* windy4.png */,
				561FA2A919AA3556000CE4DF /* umbrella11.png */,
				561FA2A719AA3409000CE4DF /* raindrops1.png */,
				561FA2A519AA1E4D000CE4DF /* termometer.png */,
				561FA2A319AA1524000CE4DF /* rain.png */,
				561FA29F19A9E4FF000CE4DF /* rain-256.png */,
				561FA2A019A9E4FF000CE4DF /* wet-256.png */,
				568CE2AA19A28E7800E6C8FD /* logo.png */,
				56DEBA4619921EEA00431AE1 /* share-25.png */,
				56DEBA4419921E2100431AE1 /* info-25.png */,
				56DEBA4219921C7E00431AE1 /* partly_cloudy_day-25.png */,
				56DEBA4019921AD900431AE1 /* map-25.png */,
			);
			name = Resources;
			sourceTree = "<group>";
		};
		56FD45EF199BBEBD00C8EE4F /* SCApiManager */ = {
			isa = PBXGroup;
			children = (
				56FD45F0199BBEBD00C8EE4F /* SCApiActions.h */,
				56FD45F1199BBEBD00C8EE4F /* SCApiManager.h */,
				56FD45F2199BBEBD00C8EE4F /* SCApiManager.m */,
				56FD45F3199BBEBD00C8EE4F /* SCApiPendingRequest.h */,
				56FD45F4199BBEBD00C8EE4F /* SCApiPendingRequest.m */,
				56FD45F7199BBEBD00C8EE4F /* SCURLConnection.h */,
				56FD45F8199BBEBD00C8EE4F /* SCURLConnection.m */,
			);
			name = SCApiManager;
			path = Client/FBSApiManager;
			sourceTree = "<group>";
		};
		56FD45FD199BF10400C8EE4F /* EntityManager */ = {
			isa = PBXGroup;
			children = (
				56FD4602199BF12900C8EE4F /* SCEntityManager.h */,
				56FD4603199BF12900C8EE4F /* SCEntityManager.m */,
			);
			name = EntityManager;
			sourceTree = "<group>";
		};
/* End PBXGroup section */

/* Begin PBXNativeTarget section */
		56B157FD198F86E0008F0170 /* SardegnaClima */ = {
			isa = PBXNativeTarget;
			buildConfigurationList = 56B15830198F86E1008F0170 /* Build configuration list for PBXNativeTarget "SardegnaClima" */;
			buildPhases = (
				56B157FA198F86E0008F0170 /* Sources */,
				56B157FB198F86E0008F0170 /* Frameworks */,
				56B157FC198F86E0008F0170 /* Resources */,
			);
			buildRules = (
			);
			dependencies = (
			);
			name = SardegnaClima;
			productName = SardegnaClima;
			productReference = 56B157FE198F86E0008F0170 /* SardegnaClima.app */;
			productType = "com.apple.product-type.application";
		};
		56B1581D198F86E1008F0170 /* SardegnaClimaTests */ = {
			isa = PBXNativeTarget;
			buildConfigurationList = 56B15833198F86E1008F0170 /* Build configuration list for PBXNativeTarget "SardegnaClimaTests" */;
			buildPhases = (
				56B1581A198F86E1008F0170 /* Sources */,
				56B1581B198F86E1008F0170 /* Frameworks */,
				56B1581C198F86E1008F0170 /* Resources */,
			);
			buildRules = (
			);
			dependencies = (
				56B15825198F86E1008F0170 /* PBXTargetDependency */,
			);
			name = SardegnaClimaTests;
			productName = SardegnaClimaTests;
			productReference = 56B1581E198F86E1008F0170 /* SardegnaClimaTests.xctest */;
			productType = "com.apple.product-type.bundle.unit-test";
		};
/* End PBXNativeTarget section */

/* Begin PBXProject section */
		56B157F6198F86E0008F0170 /* Project object */ = {
			isa = PBXProject;
			attributes = {
				LastUpgradeCheck = 0510;
				ORGANIZATIONNAME = Buele;
				TargetAttributes = {
					56B1581D198F86E1008F0170 = {
						TestTargetID = 56B157FD198F86E0008F0170;
					};
				};
			};
			buildConfigurationList = 56B157F9198F86E0008F0170 /* Build configuration list for PBXProject "SardegnaClima" */;
			compatibilityVersion = "Xcode 3.2";
			developmentRegion = English;
			hasScannedForEncodings = 0;
			knownRegions = (
				en,
			);
			mainGroup = 56B157F5198F86E0008F0170;
			productRefGroup = 56B157FF198F86E0008F0170 /* Products */;
			projectDirPath = "";
			projectRoot = "";
			targets = (
				56B157FD198F86E0008F0170 /* SardegnaClima */,
				56B1581D198F86E1008F0170 /* SardegnaClimaTests */,
			);
		};
/* End PBXProject section */

/* Begin PBXResourcesBuildPhase section */
		56B157FC198F86E0008F0170 /* Resources */ = {
			isa = PBXResourcesBuildPhase;
			buildActionMask = 2147483647;
			files = (
				561FA2B419AA372A000CE4DF /* windy4.png in Resources */,
				561FA2A119A9E4FF000CE4DF /* rain-256.png in Resources */,
				561FA2AA19AA3556000CE4DF /* umbrella11.png in Resources */,
				56B15858198F8AF7008F0170 /* GoogleMaps.bundle in Resources */,
				561FA2BC19AC9426000CE4DF /* umbrella-512.png in Resources */,
				561FA2A219A9E4FF000CE4DF /* wet-256.png in Resources */,
				561FA2A819AA3409000CE4DF /* raindrops1.png in Resources */,
				56DEBA4319921C7E00431AE1 /* partly_cloudy_day-25.png in Resources */,
				561FA2A419AA1524000CE4DF /* rain.png in Resources */,
				561FA2A619AA1E4D000CE4DF /* termometer.png in Resources */,
				561FA2B619AA3BE7000CE4DF /* address8.png in Resources */,
				56B1580E198F86E0008F0170 /* InfoPlist.strings in Resources */,
				56DEBA4719921EEA00431AE1 /* share-25.png in Resources */,
				568CE2AB19A28E7800E6C8FD /* logo.png in Resources */,
				561FA2B319AA372A000CE4DF /* wind28.png in Resources */,
				56B15819198F86E0008F0170 /* Images.xcassets in Resources */,
				561FA2BE19AC9489000CE4DF /* water-512.png in Resources */,
				561FA2BA19AC9379000CE4DF /* pressure-512.png in Resources */,
				561FA2B219AA372A000CE4DF /* pressure.png in Resources */,
				561FA2B119AA372A000CE4DF /* rain14.png in Resources */,
				56DEBA4519921E2100431AE1 /* info-25.png in Resources */,
				561FA2B019AA372A000CE4DF /* rain2.png in Resources */,
				561FA2B819AC8FD9000CE4DF /* wind_turbine-512.png in Resources */,
				56DEBA4119921AD900431AE1 /* map-25.png in Resources */,
			);
			runOnlyForDeploymentPostprocessing = 0;
		};
		56B1581C198F86E1008F0170 /* Resources */ = {
			isa = PBXResourcesBuildPhase;
			buildActionMask = 2147483647;
			files = (
				56B1582B198F86E1008F0170 /* InfoPlist.strings in Resources */,
			);
			runOnlyForDeploymentPostprocessing = 0;
		};
/* End PBXResourcesBuildPhase section */

/* Begin PBXSourcesBuildPhase section */
		56B157FA198F86E0008F0170 /* Sources */ = {
			isa = PBXSourcesBuildPhase;
			buildActionMask = 2147483647;
			files = (
				56FD4610199BF12900C8EE4F /* SCEntityManager.m in Sources */,
				56921FE219A2C05500F4DC34 /* SCStationView.m in Sources */,
				56DF2EBC199E1842006CEA9B /* SCMarker.m in Sources */,
				56DEBA4D1992889900431AE1 /* SardegnaClimaViewController.m in Sources */,
				5636AC431997FD0A00723F3D /* CreditsViewController.m in Sources */,
				5673F4BE199772FA0081AC88 /* SCTabBarController.m in Sources */,
				56B15814198F86E0008F0170 /* AppDelegate.m in Sources */,
				56DF2EBF199F8325006CEA9B /* SCStationViewController.m in Sources */,
				56FD45FA199BBEBD00C8EE4F /* SCApiPendingRequest.m in Sources */,
				56B15810198F86E0008F0170 /* main.m in Sources */,
				56FD45F9199BBEBD00C8EE4F /* SCApiManager.m in Sources */,
				56FD45FC199BBEBD00C8EE4F /* SCURLConnection.m in Sources */,
				56B15817198F86E0008F0170 /* SardegnaClima.xcdatamodeld in Sources */,
				56FD4617199C239C00C8EE4F /* SCStation.m in Sources */,
				56DEBA5019928BB700431AE1 /* SardegnaClimaView.m in Sources */,
				56FD4620199C9C7A00C8EE4F /* SCMapView.m in Sources */,
				56B1585B198F8F8A008F0170 /* Utils.m in Sources */,
				56DEBA4A1992217C00431AE1 /* UINavigationControllerCategory.m in Sources */,
				56DF2EB9199E156E006CEA9B /* SCMarkerLabel.m in Sources */,
				56FD461A199C23BE00C8EE4F /* SCMeasure.m in Sources */,
				56B1583D198F8789008F0170 /* MapViewController.m in Sources */,
			);
			runOnlyForDeploymentPostprocessing = 0;
		};
		56B1581A198F86E1008F0170 /* Sources */ = {
			isa = PBXSourcesBuildPhase;
			buildActionMask = 2147483647;
			files = (
				56B1582D198F86E1008F0170 /* SardegnaClimaTests.m in Sources */,
			);
			runOnlyForDeploymentPostprocessing = 0;
		};
/* End PBXSourcesBuildPhase section */

/* Begin PBXTargetDependency section */
		56B15825198F86E1008F0170 /* PBXTargetDependency */ = {
			isa = PBXTargetDependency;
			target = 56B157FD198F86E0008F0170 /* SardegnaClima */;
			targetProxy = 56B15824198F86E1008F0170 /* PBXContainerItemProxy */;
		};
/* End PBXTargetDependency section */

/* Begin PBXVariantGroup section */
		56B1580C198F86E0008F0170 /* InfoPlist.strings */ = {
			isa = PBXVariantGroup;
			children = (
				56B1580D198F86E0008F0170 /* en */,
			);
			name = InfoPlist.strings;
			sourceTree = "<group>";
		};
		56B15829198F86E1008F0170 /* InfoPlist.strings */ = {
			isa = PBXVariantGroup;
			children = (
				56B1582A198F86E1008F0170 /* en */,
			);
			name = InfoPlist.strings;
			sourceTree = "<group>";
		};
/* End PBXVariantGroup section */

/* Begin XCBuildConfiguration section */
		56B1582E198F86E1008F0170 /* Debug */ = {
			isa = XCBuildConfiguration;
			buildSettings = {
				ALWAYS_SEARCH_USER_PATHS = NO;
				CLANG_CXX_LANGUAGE_STANDARD = "gnu++0x";
				CLANG_CXX_LIBRARY = "libc++";
				CLANG_ENABLE_MODULES = YES;
				CLANG_ENABLE_OBJC_ARC = YES;
				CLANG_WARN_BOOL_CONVERSION = YES;
				CLANG_WARN_CONSTANT_CONVERSION = YES;
				CLANG_WARN_DIRECT_OBJC_ISA_USAGE = YES_ERROR;
				CLANG_WARN_EMPTY_BODY = YES;
				CLANG_WARN_ENUM_CONVERSION = YES;
				CLANG_WARN_INT_CONVERSION = YES;
				CLANG_WARN_OBJC_ROOT_CLASS = YES_ERROR;
				CLANG_WARN__DUPLICATE_METHOD_MATCH = YES;
				"CODE_SIGN_IDENTITY[sdk=iphoneos*]" = "iPhone Developer";
				COPY_PHASE_STRIP = NO;
				GCC_C_LANGUAGE_STANDARD = gnu99;
				GCC_DYNAMIC_NO_PIC = NO;
				GCC_OPTIMIZATION_LEVEL = 0;
				GCC_PREPROCESSOR_DEFINITIONS = (
					"DEBUG=1",
					"$(inherited)",
				);
				GCC_SYMBOLS_PRIVATE_EXTERN = NO;
				GCC_WARN_64_TO_32_BIT_CONVERSION = YES;
				GCC_WARN_ABOUT_RETURN_TYPE = YES_ERROR;
				GCC_WARN_UNDECLARED_SELECTOR = YES;
				GCC_WARN_UNINITIALIZED_AUTOS = YES_AGGRESSIVE;
				GCC_WARN_UNUSED_FUNCTION = YES;
				GCC_WARN_UNUSED_VARIABLE = YES;
				IPHONEOS_DEPLOYMENT_TARGET = 7.1;
				ONLY_ACTIVE_ARCH = YES;
				SDKROOT = iphoneos;
				TARGETED_DEVICE_FAMILY = "1,2";
			};
			name = Debug;
		};
		56B1582F198F86E1008F0170 /* Release */ = {
			isa = XCBuildConfiguration;
			buildSettings = {
				ALWAYS_SEARCH_USER_PATHS = NO;
				CLANG_CXX_LANGUAGE_STANDARD = "gnu++0x";
				CLANG_CXX_LIBRARY = "libc++";
				CLANG_ENABLE_MODULES = YES;
				CLANG_ENABLE_OBJC_ARC = YES;
				CLANG_WARN_BOOL_CONVERSION = YES;
				CLANG_WARN_CONSTANT_CONVERSION = YES;
				CLANG_WARN_DIRECT_OBJC_ISA_USAGE = YES_ERROR;
				CLANG_WARN_EMPTY_BODY = YES;
				CLANG_WARN_ENUM_CONVERSION = YES;
				CLANG_WARN_INT_CONVERSION = YES;
				CLANG_WARN_OBJC_ROOT_CLASS = YES_ERROR;
				CLANG_WARN__DUPLICATE_METHOD_MATCH = YES;
				"CODE_SIGN_IDENTITY[sdk=iphoneos*]" = "iPhone Developer";
				COPY_PHASE_STRIP = YES;
				ENABLE_NS_ASSERTIONS = NO;
				GCC_C_LANGUAGE_STANDARD = gnu99;
				GCC_WARN_64_TO_32_BIT_CONVERSION = YES;
				GCC_WARN_ABOUT_RETURN_TYPE = YES_ERROR;
				GCC_WARN_UNDECLARED_SELECTOR = YES;
				GCC_WARN_UNINITIALIZED_AUTOS = YES_AGGRESSIVE;
				GCC_WARN_UNUSED_FUNCTION = YES;
				GCC_WARN_UNUSED_VARIABLE = YES;
				IPHONEOS_DEPLOYMENT_TARGET = 7.1;
				SDKROOT = iphoneos;
				TARGETED_DEVICE_FAMILY = "1,2";
				VALIDATE_PRODUCT = YES;
			};
			name = Release;
		};
		56B15831198F86E1008F0170 /* Debug */ = {
			isa = XCBuildConfiguration;
			buildSettings = {
				ASSETCATALOG_COMPILER_APPICON_NAME = AppIcon;
				ASSETCATALOG_COMPILER_LAUNCHIMAGE_NAME = LaunchImage;
				FRAMEWORK_SEARCH_PATHS = (
					"$(inherited)",
					"$(PROJECT_DIR)/SardegnaClima",
				);
				GCC_PRECOMPILE_PREFIX_HEADER = YES;
				GCC_PREFIX_HEADER = "SardegnaClima/SardegnaClima-Prefix.pch";
				INFOPLIST_FILE = "SardegnaClima/SardegnaClima-Info.plist";
				OTHER_LDFLAGS = "-ObjC";
				PRODUCT_NAME = "$(TARGET_NAME)";
				WRAPPER_EXTENSION = app;
			};
			name = Debug;
		};
		56B15832198F86E1008F0170 /* Release */ = {
			isa = XCBuildConfiguration;
			buildSettings = {
				ASSETCATALOG_COMPILER_APPICON_NAME = AppIcon;
				ASSETCATALOG_COMPILER_LAUNCHIMAGE_NAME = LaunchImage;
				FRAMEWORK_SEARCH_PATHS = (
					"$(inherited)",
					"$(PROJECT_DIR)/SardegnaClima",
				);
				GCC_PRECOMPILE_PREFIX_HEADER = YES;
				GCC_PREFIX_HEADER = "SardegnaClima/SardegnaClima-Prefix.pch";
				INFOPLIST_FILE = "SardegnaClima/SardegnaClima-Info.plist";
				OTHER_LDFLAGS = "-ObjC";
				PRODUCT_NAME = "$(TARGET_NAME)";
				WRAPPER_EXTENSION = app;
			};
			name = Release;
		};
		56B15834198F86E1008F0170 /* Debug */ = {
			isa = XCBuildConfiguration;
			buildSettings = {
				BUNDLE_LOADER = "$(BUILT_PRODUCTS_DIR)/SardegnaClima.app/SardegnaClima";
				FRAMEWORK_SEARCH_PATHS = (
					"$(SDKROOT)/Developer/Library/Frameworks",
					"$(inherited)",
					"$(DEVELOPER_FRAMEWORKS_DIR)",
				);
				GCC_PRECOMPILE_PREFIX_HEADER = YES;
				GCC_PREFIX_HEADER = "SardegnaClima/SardegnaClima-Prefix.pch";
				GCC_PREPROCESSOR_DEFINITIONS = (
					"DEBUG=1",
					"$(inherited)",
				);
				INFOPLIST_FILE = "SardegnaClimaTests/SardegnaClimaTests-Info.plist";
				PRODUCT_NAME = "$(TARGET_NAME)";
				TEST_HOST = "$(BUNDLE_LOADER)";
				WRAPPER_EXTENSION = xctest;
			};
			name = Debug;
		};
		56B15835198F86E1008F0170 /* Release */ = {
			isa = XCBuildConfiguration;
			buildSettings = {
				BUNDLE_LOADER = "$(BUILT_PRODUCTS_DIR)/SardegnaClima.app/SardegnaClima";
				FRAMEWORK_SEARCH_PATHS = (
					"$(SDKROOT)/Developer/Library/Frameworks",
					"$(inherited)",
					"$(DEVELOPER_FRAMEWORKS_DIR)",
				);
				GCC_PRECOMPILE_PREFIX_HEADER = YES;
				GCC_PREFIX_HEADER = "SardegnaClima/SardegnaClima-Prefix.pch";
				INFOPLIST_FILE = "SardegnaClimaTests/SardegnaClimaTests-Info.plist";
				PRODUCT_NAME = "$(TARGET_NAME)";
				TEST_HOST = "$(BUNDLE_LOADER)";
				WRAPPER_EXTENSION = xctest;
			};
			name = Release;
		};
/* End XCBuildConfiguration section */

/* Begin XCConfigurationList section */
		56B157F9198F86E0008F0170 /* Build configuration list for PBXProject "SardegnaClima" */ = {
			isa = XCConfigurationList;
			buildConfigurations = (
				56B1582E198F86E1008F0170 /* Debug */,
				56B1582F198F86E1008F0170 /* Release */,
			);
			defaultConfigurationIsVisible = 0;
			defaultConfigurationName = Release;
		};
		56B15830198F86E1008F0170 /* Build configuration list for PBXNativeTarget "SardegnaClima" */ = {
			isa = XCConfigurationList;
			buildConfigurations = (
				56B15831198F86E1008F0170 /* Debug */,
				56B15832198F86E1008F0170 /* Release */,
			);
			defaultConfigurationIsVisible = 0;
			defaultConfigurationName = Release;
		};
		56B15833198F86E1008F0170 /* Build configuration list for PBXNativeTarget "SardegnaClimaTests" */ = {
			isa = XCConfigurationList;
			buildConfigurations = (
				56B15834198F86E1008F0170 /* Debug */,
				56B15835198F86E1008F0170 /* Release */,
			);
			defaultConfigurationIsVisible = 0;
			defaultConfigurationName = Release;
		};
/* End XCConfigurationList section */

/* Begin XCVersionGroup section */
		56B15815198F86E0008F0170 /* SardegnaClima.xcdatamodeld */ = {
			isa = XCVersionGroup;
			children = (
				56B15816198F86E0008F0170 /* SardegnaClima.xcdatamodel */,
			);
			currentVersion = 56B15816198F86E0008F0170 /* SardegnaClima.xcdatamodel */;
			path = SardegnaClima.xcdatamodeld;
			sourceTree = "<group>";
			versionGroupType = wrapper.xcdatamodel;
		};
/* End XCVersionGroup section */
	};
	rootObject = 56B157F6198F86E0008F0170 /* Project object */;
}
